
Microsoft Visual Studio Solution File, Format Version 12.00
# Visual Studio Version 16
VisualStudioVersion = 16.0.29911.84
MinimumVisualStudioVersion = 10.0.40219.1
Project("{FAE04EC0-301F-11D3-BF4B-00C04F79EFBC}") = "EPGPWeb", "EPGPWeb.csproj", "{31DAF400-FD07-4E50-A08B-A8011D74233D}"
EndProject
Project("{9A19103F-16F7-4668-BE54-9A1E7A4F7556}") = "BasicHttpServerCore", "..\BasicHttpServer\BasicHttpServerCore\BasicHttpServerCore.csproj", "{020D0D0C-220E-4B39-B64D-AD620C778BCE}"
EndProject
Global
	GlobalSection(SolutionConfigurationPlatforms) = preSolution
		Debug|Any CPU = Debug|Any CPU
		Release|Any CPU = Release|Any CPU
	EndGlobalSection
	GlobalSection(ProjectConfigurationPlatforms) = postSolution
		{31DAF400-FD07-4E50-A08B-A8011D74233D}.Debug|Any CPU.ActiveCfg = Debug|Any CPU
		{31DAF400-FD07-4E50-A08B-A8011D74233D}.Debug|Any CPU.Build.0 = Debug|Any CPU
		{31DAF400-FD07-4E50-A08B-A8011D74233D}.Release|Any CPU.ActiveCfg = Release|Any CPU
		{31DAF400-FD07-4E50-A08B-A8011D74233D}.Release|Any CPU.Build.0 = Release|Any CPU
		{020D0D0C-220E-4B39-B64D-AD620C778BCE}.Debug|Any CPU.ActiveCfg = Debug|Any CPU
		{020D0D0C-220E-4B39-B64D-AD620C778BCE}.Debug|Any CPU.Build.0 = Debug|Any CPU
		{020D0D0C-220E-4B39-B64D-AD620C778BCE}.Release|Any CPU.ActiveCfg = Release|Any CPU
		{020D0D0C-220E-4B39-B64D-AD620C778BCE}.Release|Any CPU.Build.0 = Release|Any CPU
	EndGlobalSection
	GlobalSection(SolutionProperties) = preSolution
		HideSolutionNode = FALSE
	EndGlobalSection
	GlobalSection(ExtensibilityGlobals) = postSolution
		SolutionGuid = {20C051E5-F6CF-4E6A-9B22-5E02D7609017}
	EndGlobalSection
EndGlobal
